
Microsoft Visual Studio Solution File, Format Version 12.00
# Visual Studio Version 17
VisualStudioVersion = 17.5.002.0
MinimumVisualStudioVersion = 10.0.40219.1
Project("{2150E333-8FDC-42A3-9474-1A3956D46DE8}") = "src", "src", "{8C8A41FE-7ECB-4A38-B3C6-B69AE31E0011}"
EndProject
Project("{9A19103F-16F7-4668-BE54-9A1E7A4F7556}") = "Translate.API", "src\Translate.API\Translate.API.csproj", "{0103EA5E-6336-46CC-8607-6800DEFDFF66}"
EndProject
Global
	GlobalSection(SolutionConfigurationPlatforms) = preSolution
		Debug|Any CPU = Debug|Any CPU
		Release|Any CPU = Release|Any CPU
	EndGlobalSection
	GlobalSection(ProjectConfigurationPlatforms) = postSolution
		{0103EA5E-6336-46CC-8607-6800DEFDFF66}.Debug|Any CPU.ActiveCfg = Debug|Any CPU
		{0103EA5E-6336-46CC-8607-6800DEFDFF66}.Debug|Any CPU.Build.0 = Debug|Any CPU
		{0103EA5E-6336-46CC-8607-6800DEFDFF66}.Release|Any CPU.ActiveCfg = Release|Any CPU
		{0103EA5E-6336-46CC-8607-6800DEFDFF66}.Release|Any CPU.Build.0 = Release|Any CPU
	EndGlobalSection
	GlobalSection(SolutionProperties) = preSolution
		HideSolutionNode = FALSE
	EndGlobalSection
	GlobalSection(NestedProjects) = preSolution
		{0103EA5E-6336-46CC-8607-6800DEFDFF66} = {8C8A41FE-7ECB-4A38-B3C6-B69AE31E0011}
	EndGlobalSection
	GlobalSection(ExtensibilityGlobals) = postSolution
		SolutionGuid = {6E66FBBD-A33C-403A-851B-B3ADA46411A3}
	EndGlobalSection
EndGlobal
